
Microsoft Visual Studio Solution File, Format Version 12.00
# Visual Studio Version 16
VisualStudioVersion = 16.0.34407.143
MinimumVisualStudioVersion = 10.0.40219.1
Project("{9A19103F-16F7-4668-BE54-9A1E7A4F7556}") = "Devine-Twins-sssw-pak", "Devine-Twins-sssw-pak.csproj", "{9DAA40EC-3E74-48EA-B631-4115678DA4C6}"
EndProject
Global
	GlobalSection(SolutionConfigurationPlatforms) = preSolution
		Debug|Any CPU = Debug|Any CPU
		Release|Any CPU = Release|Any CPU
	EndGlobalSection
	GlobalSection(ProjectConfigurationPlatforms) = postSolution
		{9DAA40EC-3E74-48EA-B631-4115678DA4C6}.Debug|Any CPU.ActiveCfg = Debug|Any CPU
		{9DAA40EC-3E74-48EA-B631-4115678DA4C6}.Debug|Any CPU.Build.0 = Debug|Any CPU
		{9DAA40EC-3E74-48EA-B631-4115678DA4C6}.Release|Any CPU.ActiveCfg = Release|Any CPU
		{9DAA40EC-3E74-48EA-B631-4115678DA4C6}.Release|Any CPU.Build.0 = Release|Any CPU
	EndGlobalSection
	GlobalSection(SolutionProperties) = preSolution
		HideSolutionNode = FALSE
	EndGlobalSection
	GlobalSection(ExtensibilityGlobals) = postSolution
		SolutionGuid = {8A716609-021D-4054-8169-178C3FA4541D}
	EndGlobalSection
EndGlobal
